
Microsoft Visual Studio Solution File, Format Version 12.00
# Visual Studio Version 16
VisualStudioVersion = 16.0.30907.101
MinimumVisualStudioVersion = 10.0.40219.1
Project("{FAE04EC0-301F-11D3-BF4B-00C04F79EFBC}") = "uitleen-applicatie", "uitleen-applicatie\uitleen-applicatie.csproj", "{65D45842-4C69-4A13-9B09-6B8C1DC80F26}"
EndProject
Global
	GlobalSection(SolutionConfigurationPlatforms) = preSolution
		Debug|Any CPU = Debug|Any CPU
		Release|Any CPU = Release|Any CPU
	EndGlobalSection
	GlobalSection(ProjectConfigurationPlatforms) = postSolution
		{65D45842-4C69-4A13-9B09-6B8C1DC80F26}.Debug|Any CPU.ActiveCfg = Debug|Any CPU
		{65D45842-4C69-4A13-9B09-6B8C1DC80F26}.Debug|Any CPU.Build.0 = Debug|Any CPU
		{65D45842-4C69-4A13-9B09-6B8C1DC80F26}.Release|Any CPU.ActiveCfg = Release|Any CPU
		{65D45842-4C69-4A13-9B09-6B8C1DC80F26}.Release|Any CPU.Build.0 = Release|Any CPU
	EndGlobalSection
	GlobalSection(SolutionProperties) = preSolution
		HideSolutionNode = FALSE
	EndGlobalSection
	GlobalSection(ExtensibilityGlobals) = postSolution
		SolutionGuid = {B371B988-3748-475C-B546-4771847CB99B}
	EndGlobalSection
EndGlobal
